
Microsoft Visual Studio Solution File, Format Version 12.00
# Visual Studio Version 16
VisualStudioVersion = 16.0.30002.166
MinimumVisualStudioVersion = 10.0.40219.1
Project("{FAE04EC0-301F-11D3-BF4B-00C04F79EFBC}") = "MVCCore.Session7.Common", "MVCCore.Session7.Common\MVCCore.Session7.Common.csproj", "{0131279A-9B72-4A4A-A4E3-3C93FBD8A6C3}"
EndProject
Project("{FAE04EC0-301F-11D3-BF4B-00C04F79EFBC}") = "Session7.UI", "Session7.UI\Session7.UI.csproj", "{3DD72ECC-56AA-4E7D-BA73-1C1DE59CAF48}"
EndProject
Global
	GlobalSection(SolutionConfigurationPlatforms) = preSolution
		Debug|Any CPU = Debug|Any CPU
		Release|Any CPU = Release|Any CPU
	EndGlobalSection
	GlobalSection(ProjectConfigurationPlatforms) = postSolution
		{0131279A-9B72-4A4A-A4E3-3C93FBD8A6C3}.Debug|Any CPU.ActiveCfg = Debug|Any CPU
		{0131279A-9B72-4A4A-A4E3-3C93FBD8A6C3}.Debug|Any CPU.Build.0 = Debug|Any CPU
		{0131279A-9B72-4A4A-A4E3-3C93FBD8A6C3}.Release|Any CPU.ActiveCfg = Release|Any CPU
		{0131279A-9B72-4A4A-A4E3-3C93FBD8A6C3}.Release|Any CPU.Build.0 = Release|Any CPU
		{3DD72ECC-56AA-4E7D-BA73-1C1DE59CAF48}.Debug|Any CPU.ActiveCfg = Debug|Any CPU
		{3DD72ECC-56AA-4E7D-BA73-1C1DE59CAF48}.Debug|Any CPU.Build.0 = Debug|Any CPU
		{3DD72ECC-56AA-4E7D-BA73-1C1DE59CAF48}.Release|Any CPU.ActiveCfg = Release|Any CPU
		{3DD72ECC-56AA-4E7D-BA73-1C1DE59CAF48}.Release|Any CPU.Build.0 = Release|Any CPU
	EndGlobalSection
	GlobalSection(SolutionProperties) = preSolution
		HideSolutionNode = FALSE
	EndGlobalSection
	GlobalSection(ExtensibilityGlobals) = postSolution
		SolutionGuid = {EB727A4E-8566-47EC-B246-AFBCA1CC9BB4}
	EndGlobalSection
EndGlobal
